<?xml version="1.0" encoding="utf-8"?>
<Project ToolsVersion="4.0" xmlns="http://schemas.microsoft.com/developer/msbuild/2003">
  <ItemGroup>
    <Filter Include="Resource Files">
      <UniqueIdentifier>{67DA6AB6-F800-4c08-8B7A-83BB121AAD01}</UniqueIdentifier>
      <Extensions>rc;ico;cur;bmp;dlg;rc2;rct;bin;rgs;gif;jpg;jpeg;jpe;resx;tiff;tif;png;wav;mfcribbon-ms</Extensions>
    </Filter>
    <Filter Include="Source">
      <UniqueIdentifier>{4FC737F1-C7A5-4376-A066-2A32D752A2FF}</UniqueIdentifier>
      <Extensions>cpp;c;cc;cxx;c++;cppm;ixx;def;odl;idl;hpj;bat;asm;asmx</Extensions>
    </Filter>
    <Filter Include="Source\Entry">
      <UniqueIdentifier>{8972e162-c2a6-4c2a-bbc1-5ace17053bb3}</UniqueIdentifier>
    </Filter>
    <Filter Include="Source\Engine">
      <UniqueIdentifier>{b22cc4e3-9117-4e46-a91e-dd3083b1f2a0}</UniqueIdentifier>
    </Filter>
    <Filter Include="Source\Shared">
      <UniqueIdentifier>{4c6f1064-ddce-4289-a4d1-38ee2297b6a0}</UniqueIdentifier>
    </Filter>
    <Filter Include="Source\Windows">
      <UniqueIdentifier>{8329b5ad-d2d9-42ba-a64d-da0534970c9b}</UniqueIdentifier>
    </Filter>
    <Filter Include="Source\Engine\Abstract">
      <UniqueIdentifier>{69bfdfba-f870-4052-8e94-3fcfb79e1a45}</UniqueIdentifier>
    </Filter>
    <Filter Include="Source\Engine\Core">
      <UniqueIdentifier>{f4f2039d-bd76-4c0a-81b9-e8e6677c9fe9}</UniqueIdentifier>
    </Filter>
    <Filter Include="Source\Engine\Rendering">
      <UniqueIdentifier>{9b51fc58-c91c-419e-99d8-08c5f31693b0}</UniqueIdentifier>
    </Filter>
    <Filter Include="Source\UserInterface">
      <UniqueIdentifier>{1c6aff4e-16c4-472d-becd-1a912ece7b33}</UniqueIdentifier>
    </Filter>
    <Filter Include="Source\Mesh">
      <UniqueIdentifier>{f71975f9-16c8-44e2-adca-b78faa089ed7}</UniqueIdentifier>
    </Filter>
    <Filter Include="Source\RHI">
      <UniqueIdentifier>{498bf45e-0555-4d02-9906-b62aa0384186}</UniqueIdentifier>
    </Filter>
    <Filter Include="Source\RHI\D3D12">
      <UniqueIdentifier>{d6c6320c-6858-4b28-8181-e2ab19b8273a}</UniqueIdentifier>
    </Filter>
    <Filter Include="Source\Engine\Math">
      <UniqueIdentifier>{1c14573a-55e5-4d86-8a67-8445b53e1bac}</UniqueIdentifier>
    </Filter>
  </ItemGroup>
  <ItemGroup>
    <ClCompile Include="..\Source\Entry\Entry.cpp">
      <Filter>Source\Entry</Filter>
    </ClCompile>
    <ClCompile Include="..\Source\Windows\Window.cpp">
      <Filter>Source\Windows</Filter>
    </ClCompile>
    <ClCompile Include="..\Source\Engine\Abstract\InterfaceBase.cpp">
      <Filter>Source\Engine\Abstract</Filter>
    </ClCompile>
    <ClCompile Include="..\Source\Engine\Abstract\Object.cpp">
      <Filter>Source\Engine\Abstract</Filter>
    </ClCompile>
    <ClCompile Include="..\Source\Engine\Core\Engine.cpp">
      <Filter>Source\Engine\Core</Filter>
    </ClCompile>
    <ClCompile Include="..\Source\Engine\Core\Input.cpp">
      <Filter>Source\Engine\Core</Filter>
    </ClCompile>
    <ClCompile Include="..\Source\Shared\Timer.cpp">
      <Filter>Source\Shared</Filter>
    </ClCompile>
    <ClCompile Include="..\Source\Shared\Error.cpp">
      <Filter>Source\Shared</Filter>
    </ClCompile>
    <ClCompile Include="..\Source\Engine\Rendering\VertexFactory.cpp">
      <Filter>Source\Engine\Rendering</Filter>
    </ClCompile>
    <ClCompile Include="..\Source\Engine\Rendering\RHIDevice.cpp">
      <Filter>Source\Engine\Rendering</Filter>
    </ClCompile>
    <ClCompile Include="..\Source\UserInterface\Console.cpp">
      <Filter>Source\UserInterface</Filter>
    </ClCompile>
    <ClCompile Include="..\Source\Mesh\InternalMesh.cpp">
      <Filter>Source\Mesh</Filter>
    </ClCompile>
    <ClCompile Include="..\Source\Mesh\Mesh.cpp">
      <Filter>Source\Mesh</Filter>
    </ClCompile>
    <ClCompile Include="..\Source\Mesh\MeshExporter.cpp">
      <Filter>Source\Mesh</Filter>
    </ClCompile>
    <ClCompile Include="..\Source\Mesh\MeshLoader.cpp">
      <Filter>Source\Mesh</Filter>
    </ClCompile>
    <ClCompile Include="..\Source\RHI\D3D12\D3D12DeviceResource.cpp">
      <Filter>Source\RHI\D3D12</Filter>
    </ClCompile>
    <ClCompile Include="..\Source\RHI\D3D12\D3D12FrameResource.cpp">
      <Filter>Source\RHI\D3D12</Filter>
    </ClCompile>
    <ClCompile Include="..\Source\RHI\D3D12\D3D12RenderResource.cpp">
      <Filter>Source\RHI\D3D12</Filter>
    </ClCompile>
    <ClCompile Include="..\Source\RHI\D3D12\D3D12ViewResource.cpp">
      <Filter>Source\RHI\D3D12</Filter>
    </ClCompile>
    <ClCompile Include="..\Source\RHI\D3D12\D3D12Shader.cpp">
      <Filter>Source\RHI\D3D12</Filter>
    </ClCompile>
  </ItemGroup>
  <ItemGroup>
    <ResourceCompile Include="Dreadnought.rc">
      <Filter>Resource Files</Filter>
    </ResourceCompile>
  </ItemGroup>
  <ItemGroup>
    <ClInclude Include="resource.h">
      <Filter>Resource Files</Filter>
    </ClInclude>
    <ClInclude Include="..\Source\Shared\stdafx.h">
      <Filter>Source\Shared</Filter>
    </ClInclude>
    <ClInclude Include="..\Source\Engine\Abstract\InterfaceBase.h">
      <Filter>Source\Engine\Abstract</Filter>
    </ClInclude>
    <ClInclude Include="..\Source\Engine\Abstract\TemplatedBase.h">
      <Filter>Source\Engine\Abstract</Filter>
    </ClInclude>
    <ClInclude Include="..\Source\Windows\Window.h">
      <Filter>Source\Windows</Filter>
    </ClInclude>
    <ClInclude Include="..\Source\Shared\Define.h">
      <Filter>Source\Shared</Filter>
    </ClInclude>
    <ClInclude Include="..\Source\Engine\Abstract\Object.h">
      <Filter>Source\Engine\Abstract</Filter>
    </ClInclude>
    <ClInclude Include="..\Source\Engine\Core\Engine.h">
      <Filter>Source\Engine\Core</Filter>
    </ClInclude>
    <ClInclude Include="..\Source\Engine\Core\Input.h">
      <Filter>Source\Engine\Core</Filter>
    </ClInclude>
    <ClInclude Include="..\Source\Shared\Error.h">
      <Filter>Source\Shared</Filter>
    </ClInclude>
    <ClInclude Include="..\Source\Shared\Timer.h">
      <Filter>Source\Shared</Filter>
    </ClInclude>
    <ClInclude Include="..\Source\Engine\Core\EngineType.h">
      <Filter>Source\Engine\Core</Filter>
    </ClInclude>
    <ClInclude Include="..\Source\Engine\Rendering\VertexFactory.h">
      <Filter>Source\Engine\Rendering</Filter>
    </ClInclude>
    <ClInclude Include="..\Source\Engine\Rendering\RHIDevice.h">
      <Filter>Source\Engine\Rendering</Filter>
    </ClInclude>
    <ClInclude Include="..\Source\UserInterface\Console.h">
      <Filter>Source\UserInterface</Filter>
    </ClInclude>
    <ClInclude Include="..\Source\Mesh\InternalMesh.h">
      <Filter>Source\Mesh</Filter>
    </ClInclude>
    <ClInclude Include="..\Source\Mesh\Mesh.h">
      <Filter>Source\Mesh</Filter>
    </ClInclude>
    <ClInclude Include="..\Source\Mesh\MeshExporter.h">
      <Filter>Source\Mesh</Filter>
    </ClInclude>
    <ClInclude Include="..\Source\Mesh\MeshLoader.h">
      <Filter>Source\Mesh</Filter>
    </ClInclude>
    <ClInclude Include="..\Source\RHI\D3D12\D3D12DeviceResource.h">
      <Filter>Source\RHI\D3D12</Filter>
    </ClInclude>
    <ClInclude Include="..\Source\RHI\D3D12\D3D12FrameResource.h">
      <Filter>Source\RHI\D3D12</Filter>
    </ClInclude>
    <ClInclude Include="..\Source\RHI\D3D12\D3D12RenderResource.h">
      <Filter>Source\RHI\D3D12</Filter>
    </ClInclude>
    <ClInclude Include="..\Source\RHI\D3D12\D3D12ViewResource.h">
      <Filter>Source\RHI\D3D12</Filter>
    </ClInclude>
    <ClInclude Include="..\Source\RHI\D3D12\d3dx12.h">
      <Filter>Source\RHI\D3D12</Filter>
    </ClInclude>
    <ClInclude Include="..\Source\RHI\D3D12\D3D12Shader.h">
      <Filter>Source\RHI\D3D12</Filter>
    </ClInclude>
    <ClInclude Include="..\Source\Engine\Math\Vector.h">
      <Filter>Source\Engine\Math</Filter>
    </ClInclude>
    <ClInclude Include="..\Source\Engine\Math\Vector2D.h">
      <Filter>Source\Engine\Math</Filter>
    </ClInclude>
    <ClInclude Include="..\Source\Engine\Math\Vector4D.h">
      <Filter>Source\Engine\Math</Filter>
    </ClInclude>
    <ClInclude Include="..\Source\Engine\Math\VectorSSE.h">
      <Filter>Source\Engine\Math</Filter>
    </ClInclude>
    <ClInclude Include="..\Source\Engine\Math\EngineMath.h">
      <Filter>Source\Engine\Math</Filter>
    </ClInclude>
    <ClInclude Include="..\Source\Engine\Math\EngineMathSSE.h">
      <Filter>Source\Engine\Math</Filter>
    </ClInclude>
    <ClInclude Include="..\Source\Shared\StringUtil.h">
      <Filter>Source\Shared</Filter>
    </ClInclude>
  </ItemGroup>
</Project>