<?xml version="1.0" encoding="utf-8"?>
<Project ToolsVersion="4.0" xmlns="http://schemas.microsoft.com/developer/msbuild/2003">
  <ItemGroup>
    <Filter Include="Source">
      <UniqueIdentifier>{80c1886f-71e8-4622-93bf-e0e5cb7165b8}</UniqueIdentifier>
    </Filter>
    <Filter Include="Source\Entry">
      <UniqueIdentifier>{ee138249-8a0b-4bf5-b23e-0c5c566cca38}</UniqueIdentifier>
    </Filter>
    <Filter Include="Source\Window">
      <UniqueIdentifier>{018ef6a4-0f10-4f57-85d8-da690d875eda}</UniqueIdentifier>
    </Filter>
    <Filter Include="Source\Input">
      <UniqueIdentifier>{adc0f3e7-ae0f-4179-98e2-113ba517bce7}</UniqueIdentifier>
    </Filter>
    <Filter Include="Source\Shared">
      <UniqueIdentifier>{f563375a-59e6-457d-8186-9ab13d4e9415}</UniqueIdentifier>
    </Filter>
    <Filter Include="Source\Graphics">
      <UniqueIdentifier>{a6ed0449-02a9-4b2e-94d0-75cc35d077b9}</UniqueIdentifier>
    </Filter>
    <Filter Include="Source\Core">
      <UniqueIdentifier>{9f627ff1-c9a1-41de-b515-3c81d32bfc57}</UniqueIdentifier>
    </Filter>
    <Filter Include="Source\Templates">
      <UniqueIdentifier>{e9267d8a-403c-4688-ab3a-ea64c5255275}</UniqueIdentifier>
    </Filter>
    <Filter Include="Source\D3D12">
      <UniqueIdentifier>{8937ac99-3bbe-4a6a-898d-b4edde3fe06e}</UniqueIdentifier>
    </Filter>
    <Filter Include="Source\Renderer">
      <UniqueIdentifier>{9b05d8d4-74b3-4214-a094-f3e647973949}</UniqueIdentifier>
    </Filter>
    <Filter Include="Source\Renderer\PostProcessor">
      <UniqueIdentifier>{f14e2585-bafe-47eb-bb62-d9b0bfaf514b}</UniqueIdentifier>
    </Filter>
    <Filter Include="Source\UI">
      <UniqueIdentifier>{85b36ca7-360a-4b78-a0a1-faf9836be28a}</UniqueIdentifier>
    </Filter>
    <Filter Include="Resource Files">
      <UniqueIdentifier>{c13cafd1-6d32-44b6-99dd-14f653859806}</UniqueIdentifier>
    </Filter>
  </ItemGroup>
  <ItemGroup>
    <ClCompile Include="Source\Shared\pch.cpp">
      <Filter>Source\Shared</Filter>
    </ClCompile>
    <ClCompile Include="Source\Shared\Timer.cpp">
      <Filter>Source\Shared</Filter>
    </ClCompile>
    <ClCompile Include="Source\Entry\Entry.cpp">
      <Filter>Source\Entry</Filter>
    </ClCompile>
    <ClCompile Include="Source\Window\Window.cpp">
      <Filter>Source\Window</Filter>
    </ClCompile>
    <ClCompile Include="Source\Input\Input.cpp">
      <Filter>Source\Input</Filter>
    </ClCompile>
    <ClCompile Include="Source\Graphics\Graphics.cpp">
      <Filter>Source\Graphics</Filter>
    </ClCompile>
    <ClCompile Include="Source\Shared\Helper.cpp">
      <Filter>Source\Shared</Filter>
    </ClCompile>
    <ClCompile Include="Source\Core\Engine.cpp">
      <Filter>Source\Core</Filter>
    </ClCompile>
    <ClCompile Include="Source\D3D12\D3D12DeviceResource.cpp">
      <Filter>Source\D3D12</Filter>
    </ClCompile>
    <ClCompile Include="Source\Renderer\SceneRenderer.cpp">
      <Filter>Source\Renderer</Filter>
    </ClCompile>
    <ClCompile Include="Source\Graphics\VertexFactory.cpp">
      <Filter>Source\Graphics</Filter>
    </ClCompile>
    <ClCompile Include="Source\Renderer\PostProcessor\RPostProcessor.cpp">
      <Filter>Source\Renderer\PostProcessor</Filter>
    </ClCompile>
    <ClCompile Include="Source\UI\Console.cpp">
      <Filter>Source\UI</Filter>
    </ClCompile>
    <ClCompile Include="Source\D3D12\D3D12FrameResource.cpp">
      <Filter>Source\D3D12</Filter>
    </ClCompile>
    <ClCompile Include="Source\D3D12\D3D12Texture.cpp">
      <Filter>Source\D3D12</Filter>
    </ClCompile>
    <ClCompile Include="Source\D3D12\D3D12Resource.cpp">
      <Filter>Source\D3D12</Filter>
    </ClCompile>
  </ItemGroup>
  <ItemGroup>
    <ClInclude Include="Source\Shared\pch.h">
      <Filter>Source\Shared</Filter>
    </ClInclude>
    <ClInclude Include="Source\Shared\Timer.h">
      <Filter>Source\Shared</Filter>
    </ClInclude>
    <ClInclude Include="Source\Shared\d3dx12.h">
      <Filter>Source\Shared</Filter>
    </ClInclude>
    <ClInclude Include="Source\Window\Window.h">
      <Filter>Source\Window</Filter>
    </ClInclude>
    <ClInclude Include="Source\Shared\define.h">
      <Filter>Source\Shared</Filter>
    </ClInclude>
    <ClInclude Include="Source\Shared\EngineTypes.h">
      <Filter>Source\Shared</Filter>
    </ClInclude>
    <ClInclude Include="Source\Input\Input.h">
      <Filter>Source\Input</Filter>
    </ClInclude>
    <ClInclude Include="Source\Graphics\Graphics.h">
      <Filter>Source\Graphics</Filter>
    </ClInclude>
    <ClInclude Include="Source\Shared\Helper.h">
      <Filter>Source\Shared</Filter>
    </ClInclude>
    <ClInclude Include="Source\Core\Engine.h">
      <Filter>Source\Core</Filter>
    </ClInclude>
    <ClInclude Include="Source\Templates\TemplateClasses.h">
      <Filter>Source\Templates</Filter>
    </ClInclude>
    <ClInclude Include="Source\D3D12\D3D12DeviceResource.h">
      <Filter>Source\D3D12</Filter>
    </ClInclude>
    <ClInclude Include="Source\Renderer\SceneRenderer.h">
      <Filter>Source\Renderer</Filter>
    </ClInclude>
    <ClInclude Include="Source\Graphics\VertexFactory.h">
      <Filter>Source\Graphics</Filter>
    </ClInclude>
    <ClInclude Include="Source\Renderer\PostProcessor\RPostProcessor.h">
      <Filter>Source\Renderer\PostProcessor</Filter>
    </ClInclude>
    <ClInclude Include="Source\UI\Console.h">
      <Filter>Source\UI</Filter>
    </ClInclude>
    <ClInclude Include="Source\Window\resource.h">
      <Filter>Resource Files</Filter>
    </ClInclude>
    <ClInclude Include="Source\D3D12\D3D12FrameResource.h">
      <Filter>Source\D3D12</Filter>
    </ClInclude>
    <ClInclude Include="Source\D3D12\D3D12Texture.h">
      <Filter>Source\D3D12</Filter>
    </ClInclude>
    <ClInclude Include="Source\D3D12\D3D12Resource.h">
      <Filter>Source\D3D12</Filter>
    </ClInclude>
  </ItemGroup>
  <ItemGroup>
    <ResourceCompile Include="Dreadnought.rc">
      <Filter>Resource Files</Filter>
    </ResourceCompile>
  </ItemGroup>
  <ItemGroup>
    <Image Include="Source\Window\Resource\Dreadnought.ico">
      <Filter>Resource Files</Filter>
    </Image>
  </ItemGroup>
  <ItemGroup>
    <None Include="cpp.hint" />
  </ItemGroup>
</Project>